# This file is automatically @generated by Cargo.
# It is not intended for manual editing.
version = 3

[[package]]
name = "az"
version = "1.1.1"
source = "registry+https://github.com/rust-lang/crates.io-index"
checksum = "822d7d63e0c0260a050f6b1f0d316f5c79b9eab830aca526ed904e1011bd64ca"

[[package]]
name = "fretboard_layout"
version = "0.1.0"
dependencies = [
 "rug",
 "svg",
]

[[package]]
name = "gmp-mpfr-sys"
version = "1.4.5"
source = "registry+https://github.com/rust-lang/crates.io-index"
checksum = "18e70045792b1d584ef8d8ac5e890a98d9d6499d2d709cf2b23725b6dcb10064"
dependencies = [
 "libc",
 "winapi",
]

[[package]]
name = "libc"
version = "0.2.98"
source = "registry+https://github.com/rust-lang/crates.io-index"
checksum = "320cfe77175da3a483efed4bc0adc1968ca050b098ce4f2f1c13a56626128790"

[[package]]
name = "rug"
version = "1.12.0"
source = "registry+https://github.com/rust-lang/crates.io-index"
checksum = "32f75e07492c4d17d12f226d17e689fdb698db7a1e875fca0fac15626283bf24"
dependencies = [
 "az",
 "gmp-mpfr-sys",
 "libc",
]

[[package]]
name = "svg"
version = "0.10.0"
source = "registry+https://github.com/rust-lang/crates.io-index"
checksum = "e72d8b19ab05827afefcca66bf47040c1e66a0901eb814784c77d4ec118bd309"

[[package]]
name = "winapi"
version = "0.3.9"
source = "registry+https://github.com/rust-lang/crates.io-index"
checksum = "5c839a674fcd7a98952e593242ea400abe93992746761e38641405d28b00f419"
dependencies = [
 "winapi-i686-pc-windows-gnu",
 "winapi-x86_64-pc-windows-gnu",
]

[[package]]
name = "winapi-i686-pc-windows-gnu"
version = "0.4.0"
source = "registry+https://github.com/rust-lang/crates.io-index"
checksum = "ac3b87c63620426dd9b991e5ce0329eff545bccbbb34f3be09ff6fb6ab51b7b6"

[[package]]
name = "winapi-x86_64-pc-windows-gnu"
version = "0.4.0"
source = "registry+https://github.com/rust-lang/crates.io-index"
checksum = "712e227841d057c1ee1cd2fb22fa7e5a5461ae8e48fa2ca79ec42cfc1931183f"
